// !$*UTF8*$!
{
	archiveVersion = 1;
	classes = {
	};
	objectVersion = 50;
	objects = {

/* Begin PBXBuildFile section */
		3F39F839227B698600BD417C /* messageBlob.sks in Resources */ = {isa = PBXBuildFile; fileRef = 3F39F838227B698600BD417C /* messageBlob.sks */; };
		3FB110D5227359E300D7A632 /* AppDelegate.swift in Sources */ = {isa = PBXBuildFile; fileRef = 3FB110D4227359E300D7A632 /* AppDelegate.swift */; };
		3FB110D7227359E300D7A632 /* art.scnassets in Resources */ = {isa = PBXBuildFile; fileRef = 3FB110D6227359E300D7A632 /* art.scnassets */; };
		3FB110D9227359E300D7A632 /* ViewController.swift in Sources */ = {isa = PBXBuildFile; fileRef = 3FB110D8227359E300D7A632 /* ViewController.swift */; };
		3FB110DC227359E300D7A632 /* Main.storyboard in Resources */ = {isa = PBXBuildFile; fileRef = 3FB110DA227359E300D7A632 /* Main.storyboard */; };
		3FB110DE227359E400D7A632 /* Assets.xcassets in Resources */ = {isa = PBXBuildFile; fileRef = 3FB110DD227359E400D7A632 /* Assets.xcassets */; };
		3FB110E1227359E400D7A632 /* LaunchScreen.storyboard in Resources */ = {isa = PBXBuildFile; fileRef = 3FB110DF227359E400D7A632 /* LaunchScreen.storyboard */; };
		3FB110EC227359E400D7A632 /* TrashieTests.swift in Sources */ = {isa = PBXBuildFile; fileRef = 3FB110EB227359E400D7A632 /* TrashieTests.swift */; };
		3FB110F7227359E400D7A632 /* TrashieUITests.swift in Sources */ = {isa = PBXBuildFile; fileRef = 3FB110F6227359E400D7A632 /* TrashieUITests.swift */; };
/* End PBXBuildFile section */

/* Begin PBXContainerItemProxy section */
		3FB110E8227359E400D7A632 /* PBXContainerItemProxy */ = {
			isa = PBXContainerItemProxy;
			containerPortal = 3FB110C9227359E300D7A632 /* Project object */;
			proxyType = 1;
			remoteGlobalIDString = 3FB110D0227359E300D7A632;
			remoteInfo = Trashie;
		};
		3FB110F3227359E400D7A632 /* PBXContainerItemProxy */ = {
			isa = PBXContainerItemProxy;
			containerPortal = 3FB110C9227359E300D7A632 /* Project object */;
			proxyType = 1;
			remoteGlobalIDString = 3FB110D0227359E300D7A632;
			remoteInfo = Trashie;
		};
/* End PBXContainerItemProxy section */

/* Begin PBXFileReference section */
		3F39F838227B698600BD417C /* messageBlob.sks */ = {isa = PBXFileReference; lastKnownFileType = file.sks; name = messageBlob.sks; path = ../../textBlob/textBlob/messageBlob.sks; sourceTree = "<group>"; };
		3FB110D1227359E300D7A632 /* Trashie.app */ = {isa = PBXFileReference; explicitFileType = wrapper.application; includeInIndex = 0; path = Trashie.app; sourceTree = BUILT_PRODUCTS_DIR; };
		3FB110D4227359E300D7A632 /* AppDelegate.swift */ = {isa = PBXFileReference; lastKnownFileType = sourcecode.swift; path = AppDelegate.swift; sourceTree = "<group>"; };
		3FB110D6227359E300D7A632 /* art.scnassets */ = {isa = PBXFileReference; lastKnownFileType = wrapper.scnassets; path = art.scnassets; sourceTree = "<group>"; };
		3FB110D8227359E300D7A632 /* ViewController.swift */ = {isa = PBXFileReference; lastKnownFileType = sourcecode.swift; path = ViewController.swift; sourceTree = "<group>"; };
		3FB110DB227359E300D7A632 /* Base */ = {isa = PBXFileReference; lastKnownFileType = file.storyboard; name = Base; path = Base.lproj/Main.storyboard; sourceTree = "<group>"; };
		3FB110DD227359E400D7A632 /* Assets.xcassets */ = {isa = PBXFileReference; lastKnownFileType = folder.assetcatalog; path = Assets.xcassets; sourceTree = "<group>"; };
		3FB110E0227359E400D7A632 /* Base */ = {isa = PBXFileReference; lastKnownFileType = file.storyboard; name = Base; path = Base.lproj/LaunchScreen.storyboard; sourceTree = "<group>"; };
		3FB110E2227359E400D7A632 /* Info.plist */ = {isa = PBXFileReference; lastKnownFileType = text.plist.xml; path = Info.plist; sourceTree = "<group>"; };
		3FB110E7227359E400D7A632 /* TrashieTests.xctest */ = {isa = PBXFileReference; explicitFileType = wrapper.cfbundle; includeInIndex = 0; path = TrashieTests.xctest; sourceTree = BUILT_PRODUCTS_DIR; };
		3FB110EB227359E400D7A632 /* TrashieTests.swift */ = {isa = PBXFileReference; lastKnownFileType = sourcecode.swift; path = TrashieTests.swift; sourceTree = "<group>"; };
		3FB110ED227359E400D7A632 /* Info.plist */ = {isa = PBXFileReference; lastKnownFileType = text.plist.xml; path = Info.plist; sourceTree = "<group>"; };
		3FB110F2227359E400D7A632 /* TrashieUITests.xctest */ = {isa = PBXFileReference; explicitFileType = wrapper.cfbundle; includeInIndex = 0; path = TrashieUITests.xctest; sourceTree = BUILT_PRODUCTS_DIR; };
		3FB110F6227359E400D7A632 /* TrashieUITests.swift */ = {isa = PBXFileReference; lastKnownFileType = sourcecode.swift; path = TrashieUITests.swift; sourceTree = "<group>"; };
		3FB110F8227359E400D7A632 /* Info.plist */ = {isa = PBXFileReference; lastKnownFileType = text.plist.xml; path = Info.plist; sourceTree = "<group>"; };
/* End PBXFileReference section */

/* Begin PBXFrameworksBuildPhase section */
		3FB110CE227359E300D7A632 /* Frameworks */ = {
			isa = PBXFrameworksBuildPhase;
			buildActionMask = 2147483647;
			files = (
			);
			runOnlyForDeploymentPostprocessing = 0;
		};
		3FB110E4227359E400D7A632 /* Frameworks */ = {
			isa = PBXFrameworksBuildPhase;
			buildActionMask = 2147483647;
			files = (
			);
			runOnlyForDeploymentPostprocessing = 0;
		};
		3FB110EF227359E400D7A632 /* Frameworks */ = {
			isa = PBXFrameworksBuildPhase;
			buildActionMask = 2147483647;
			files = (
			);
			runOnlyForDeploymentPostprocessing = 0;
		};
/* End PBXFrameworksBuildPhase section */

/* Begin PBXGroup section */
		3FB110C8227359E300D7A632 = {
			isa = PBXGroup;
			children = (
				3FB110D3227359E300D7A632 /* Trashie */,
				3FB110EA227359E400D7A632 /* TrashieTests */,
				3FB110F5227359E400D7A632 /* TrashieUITests */,
				3FB110D2227359E300D7A632 /* Products */,
			);
			sourceTree = "<group>";
		};
		3FB110D2227359E300D7A632 /* Products */ = {
			isa = PBXGroup;
			children = (
				3FB110D1227359E300D7A632 /* Trashie.app */,
				3FB110E7227359E400D7A632 /* TrashieTests.xctest */,
				3FB110F2227359E400D7A632 /* TrashieUITests.xctest */,
			);
			name = Products;
			sourceTree = "<group>";
		};
		3FB110D3227359E300D7A632 /* Trashie */ = {
			isa = PBXGroup;
			children = (
				3FB110D4227359E300D7A632 /* AppDelegate.swift */,
				3FB110D6227359E300D7A632 /* art.scnassets */,
				3FB110D8227359E300D7A632 /* ViewController.swift */,
				3F39F838227B698600BD417C /* messageBlob.sks */,
				3FB110DA227359E300D7A632 /* Main.storyboard */,
				3FB110DD227359E400D7A632 /* Assets.xcassets */,
				3FB110DF227359E400D7A632 /* LaunchScreen.storyboard */,
				3FB110E2227359E400D7A632 /* Info.plist */,
			);
			path = Trashie;
			sourceTree = "<group>";
		};
		3FB110EA227359E400D7A632 /* TrashieTests */ = {
			isa = PBXGroup;
			children = (
				3FB110EB227359E400D7A632 /* TrashieTests.swift */,
				3FB110ED227359E400D7A632 /* Info.plist */,
			);
			path = TrashieTests;
			sourceTree = "<group>";
		};
		3FB110F5227359E400D7A632 /* TrashieUITests */ = {
			isa = PBXGroup;
			children = (
				3FB110F6227359E400D7A632 /* TrashieUITests.swift */,
				3FB110F8227359E400D7A632 /* Info.plist */,
			);
			path = TrashieUITests;
			sourceTree = "<group>";
		};
/* End PBXGroup section */

/* Begin PBXNativeTarget section */
		3FB110D0227359E300D7A632 /* Trashie */ = {
			isa = PBXNativeTarget;
			buildConfigurationList = 3FB110FB227359E400D7A632 /* Build configuration list for PBXNativeTarget "Trashie" */;
			buildPhases = (
				3FB110CD227359E300D7A632 /* Sources */,
				3FB110CE227359E300D7A632 /* Frameworks */,
				3FB110CF227359E300D7A632 /* Resources */,
			);
			buildRules = (
			);
			dependencies = (
			);
			name = Trashie;
			productName = Trashie;
			productReference = 3FB110D1227359E300D7A632 /* Trashie.app */;
			productType = "com.apple.product-type.application";
		};
		3FB110E6227359E400D7A632 /* TrashieTests */ = {
			isa = PBXNativeTarget;
			buildConfigurationList = 3FB110FE227359E400D7A632 /* Build configuration list for PBXNativeTarget "TrashieTests" */;
			buildPhases = (
				3FB110E3227359E400D7A632 /* Sources */,
				3FB110E4227359E400D7A632 /* Frameworks */,
				3FB110E5227359E400D7A632 /* Resources */,
			);
			buildRules = (
			);
			dependencies = (
				3FB110E9227359E400D7A632 /* PBXTargetDependency */,
			);
			name = TrashieTests;
			productName = TrashieTests;
			productReference = 3FB110E7227359E400D7A632 /* TrashieTests.xctest */;
			productType = "com.apple.product-type.bundle.unit-test";
		};
		3FB110F1227359E400D7A632 /* TrashieUITests */ = {
			isa = PBXNativeTarget;
			buildConfigurationList = 3FB11101227359E400D7A632 /* Build configuration list for PBXNativeTarget "TrashieUITests" */;
			buildPhases = (
				3FB110EE227359E400D7A632 /* Sources */,
				3FB110EF227359E400D7A632 /* Frameworks */,
				3FB110F0227359E400D7A632 /* Resources */,
			);
			buildRules = (
			);
			dependencies = (
				3FB110F4227359E400D7A632 /* PBXTargetDependency */,
			);
			name = TrashieUITests;
			productName = TrashieUITests;
			productReference = 3FB110F2227359E400D7A632 /* TrashieUITests.xctest */;
			productType = "com.apple.product-type.bundle.ui-testing";
		};
/* End PBXNativeTarget section */

/* Begin PBXProject section */
		3FB110C9227359E300D7A632 /* Project object */ = {
			isa = PBXProject;
			attributes = {
				LastSwiftUpdateCheck = 1010;
				LastUpgradeCheck = 1010;
				ORGANIZATIONNAME = nyu.edu;
				TargetAttributes = {
					3FB110D0227359E300D7A632 = {
						CreatedOnToolsVersion = 10.1;
					};
					3FB110E6227359E400D7A632 = {
						CreatedOnToolsVersion = 10.1;
						TestTargetID = 3FB110D0227359E300D7A632;
					};
					3FB110F1227359E400D7A632 = {
						CreatedOnToolsVersion = 10.1;
						TestTargetID = 3FB110D0227359E300D7A632;
					};
				};
			};
			buildConfigurationList = 3FB110CC227359E300D7A632 /* Build configuration list for PBXProject "Trashie" */;
			compatibilityVersion = "Xcode 9.3";
			developmentRegion = en;
			hasScannedForEncodings = 0;
			knownRegions = (
				en,
				Base,
			);
			mainGroup = 3FB110C8227359E300D7A632;
			productRefGroup = 3FB110D2227359E300D7A632 /* Products */;
			projectDirPath = "";
			projectRoot = "";
			targets = (
				3FB110D0227359E300D7A632 /* Trashie */,
				3FB110E6227359E400D7A632 /* TrashieTests */,
				3FB110F1227359E400D7A632 /* TrashieUITests */,
			);
		};
/* End PBXProject section */

/* Begin PBXResourcesBuildPhase section */
		3FB110CF227359E300D7A632 /* Resources */ = {
			isa = PBXResourcesBuildPhase;
			buildActionMask = 2147483647;
			files = (
				3FB110D7227359E300D7A632 /* art.scnassets in Resources */,
				3FB110E1227359E400D7A632 /* LaunchScreen.storyboard in Resources */,
				3F39F839227B698600BD417C /* messageBlob.sks in Resources */,
				3FB110DE227359E400D7A632 /* Assets.xcassets in Resources */,
				3FB110DC227359E300D7A632 /* Main.storyboard in Resources */,
			);
			runOnlyForDeploymentPostprocessing = 0;
		};
		3FB110E5227359E400D7A632 /* Resources */ = {
			isa = PBXResourcesBuildPhase;
			buildActionMask = 2147483647;
			files = (
			);
			runOnlyForDeploymentPostprocessing = 0;
		};
		3FB110F0227359E400D7A632 /* Resources */ = {
			isa = PBXResourcesBuildPhase;
			buildActionMask = 2147483647;
			files = (
			);
			runOnlyForDeploymentPostprocessing = 0;
		};
/* End PBXResourcesBuildPhase section */

/* Begin PBXSourcesBuildPhase section */
		3FB110CD227359E300D7A632 /* Sources */ = {
			isa = PBXSourcesBuildPhase;
			buildActionMask = 2147483647;
			files = (
				3FB110D9227359E300D7A632 /* ViewController.swift in Sources */,
				3FB110D5227359E300D7A632 /* AppDelegate.swift in Sources */,
			);
			runOnlyForDeploymentPostprocessing = 0;
		};
		3FB110E3227359E400D7A632 /* Sources */ = {
			isa = PBXSourcesBuildPhase;
			buildActionMask = 2147483647;
			files = (
				3FB110EC227359E400D7A632 /* TrashieTests.swift in Sources */,
			);
			runOnlyForDeploymentPostprocessing = 0;
		};
		3FB110EE227359E400D7A632 /* Sources */ = {
			isa = PBXSourcesBuildPhase;
			buildActionMask = 2147483647;
			files = (
				3FB110F7227359E400D7A632 /* TrashieUITests.swift in Sources */,
			);
			runOnlyForDeploymentPostprocessing = 0;
		};
/* End PBXSourcesBuildPhase section */

/* Begin PBXTargetDependency section */
		3FB110E9227359E400D7A632 /* PBXTargetDependency */ = {
			isa = PBXTargetDependency;
			target = 3FB110D0227359E300D7A632 /* Trashie */;
			targetProxy = 3FB110E8227359E400D7A632 /* PBXContainerItemProxy */;
		};
		3FB110F4227359E400D7A632 /* PBXTargetDependency */ = {
			isa = PBXTargetDependency;
			target = 3FB110D0227359E300D7A632 /* Trashie */;
			targetProxy = 3FB110F3227359E400D7A632 /* PBXContainerItemProxy */;
		};
/* End PBXTargetDependency section */

/* Begin PBXVariantGroup section */
		3FB110DA227359E300D7A632 /* Main.storyboard */ = {
			isa = PBXVariantGroup;
			children = (
				3FB110DB227359E300D7A632 /* Base */,
			);
			name = Main.storyboard;
			sourceTree = "<group>";
		};
		3FB110DF227359E400D7A632 /* LaunchScreen.storyboard */ = {
			isa = PBXVariantGroup;
			children = (
				3FB110E0227359E400D7A632 /* Base */,
			);
			name = LaunchScreen.storyboard;
			sourceTree = "<group>";
		};
/* End PBXVariantGroup section */

/* Begin XCBuildConfiguration section */
		3FB110F9227359E400D7A632 /* Debug */ = {
			isa = XCBuildConfiguration;
			buildSettings = {
				ALWAYS_SEARCH_USER_PATHS = NO;
				CLANG_ANALYZER_NONNULL = YES;
				CLANG_ANALYZER_NUMBER_OBJECT_CONVERSION = YES_AGGRESSIVE;
				CLANG_CXX_LANGUAGE_STANDARD = "gnu++14";
				CLANG_CXX_LIBRARY = "libc++";
				CLANG_ENABLE_MODULES = YES;
				CLANG_ENABLE_OBJC_ARC = YES;
				CLANG_ENABLE_OBJC_WEAK = YES;
				CLANG_WARN_BLOCK_CAPTURE_AUTORELEASING = YES;
				CLANG_WARN_BOOL_CONVERSION = YES;
				CLANG_WARN_COMMA = YES;
				CLANG_WARN_CONSTANT_CONVERSION = YES;
				CLANG_WARN_DEPRECATED_OBJC_IMPLEMENTATIONS = YES;
				CLANG_WARN_DIRECT_OBJC_ISA_USAGE = YES_ERROR;
				CLANG_WARN_DOCUMENTATION_COMMENTS = YES;
				CLANG_WARN_EMPTY_BODY = YES;
				CLANG_WARN_ENUM_CONVERSION = YES;
				CLANG_WARN_INFINITE_RECURSION = YES;
				CLANG_WARN_INT_CONVERSION = YES;
				CLANG_WARN_NON_LITERAL_NULL_CONVERSION = YES;
				CLANG_WARN_OBJC_IMPLICIT_RETAIN_SELF = YES;
				CLANG_WARN_OBJC_LITERAL_CONVERSION = YES;
				CLANG_WARN_OBJC_ROOT_CLASS = YES_ERROR;
				CLANG_WARN_RANGE_LOOP_ANALYSIS = YES;
				CLANG_WARN_STRICT_PROTOTYPES = YES;
				CLANG_WARN_SUSPICIOUS_MOVE = YES;
				CLANG_WARN_UNGUARDED_AVAILABILITY = YES_AGGRESSIVE;
				CLANG_WARN_UNREACHABLE_CODE = YES;
				CLANG_WARN__DUPLICATE_METHOD_MATCH = YES;
				CODE_SIGN_IDENTITY = "iPhone Developer";
				COPY_PHASE_STRIP = NO;
				DEBUG_INFORMATION_FORMAT = dwarf;
				ENABLE_STRICT_OBJC_MSGSEND = YES;
				ENABLE_TESTABILITY = YES;
				GCC_C_LANGUAGE_STANDARD = gnu11;
				GCC_DYNAMIC_NO_PIC = NO;
				GCC_NO_COMMON_BLOCKS = YES;
				GCC_OPTIMIZATION_LEVEL = 0;
				GCC_PREPROCESSOR_DEFINITIONS = (
					"DEBUG=1",
					"$(inherited)",
				);
				GCC_WARN_64_TO_32_BIT_CONVERSION = YES;
				GCC_WARN_ABOUT_RETURN_TYPE = YES_ERROR;
				GCC_WARN_UNDECLARED_SELECTOR = YES;
				GCC_WARN_UNINITIALIZED_AUTOS = YES_AGGRESSIVE;
				GCC_WARN_UNUSED_FUNCTION = YES;
				GCC_WARN_UNUSED_VARIABLE = YES;
				IPHONEOS_DEPLOYMENT_TARGET = 12.1;
				MTL_ENABLE_DEBUG_INFO = INCLUDE_SOURCE;
				MTL_FAST_MATH = YES;
				ONLY_ACTIVE_ARCH = YES;
				SDKROOT = iphoneos;
				SWIFT_ACTIVE_COMPILATION_CONDITIONS = DEBUG;
				SWIFT_OPTIMIZATION_LEVEL = "-Onone";
			};
			name = Debug;
		};
		3FB110FA227359E400D7A632 /* Release */ = {
			isa = XCBuildConfiguration;
			buildSettings = {
				ALWAYS_SEARCH_USER_PATHS = NO;
				CLANG_ANALYZER_NONNULL = YES;
				CLANG_ANALYZER_NUMBER_OBJECT_CONVERSION = YES_AGGRESSIVE;
				CLANG_CXX_LANGUAGE_STANDARD = "gnu++14";
				CLANG_CXX_LIBRARY = "libc++";
				CLANG_ENABLE_MODULES = YES;
				CLANG_ENABLE_OBJC_ARC = YES;
				CLANG_ENABLE_OBJC_WEAK = YES;
				CLANG_WARN_BLOCK_CAPTURE_AUTORELEASING = YES;
				CLANG_WARN_BOOL_CONVERSION = YES;
				CLANG_WARN_COMMA = YES;
				CLANG_WARN_CONSTANT_CONVERSION = YES;
				CLANG_WARN_DEPRECATED_OBJC_IMPLEMENTATIONS = YES;
				CLANG_WARN_DIRECT_OBJC_ISA_USAGE = YES_ERROR;
				CLANG_WARN_DOCUMENTATION_COMMENTS = YES;
				CLANG_WARN_EMPTY_BODY = YES;
				CLANG_WARN_ENUM_CONVERSION = YES;
				CLANG_WARN_INFINITE_RECURSION = YES;
				CLANG_WARN_INT_CONVERSION = YES;
				CLANG_WARN_NON_LITERAL_NULL_CONVERSION = YES;
				CLANG_WARN_OBJC_IMPLICIT_RETAIN_SELF = YES;
				CLANG_WARN_OBJC_LITERAL_CONVERSION = YES;
				CLANG_WARN_OBJC_ROOT_CLASS = YES_ERROR;
				CLANG_WARN_RANGE_LOOP_ANALYSIS = YES;
				CLANG_WARN_STRICT_PROTOTYPES = YES;
				CLANG_WARN_SUSPICIOUS_MOVE = YES;
				CLANG_WARN_UNGUARDED_AVAILABILITY = YES_AGGRESSIVE;
				CLANG_WARN_UNREACHABLE_CODE = YES;
				CLANG_WARN__DUPLICATE_METHOD_MATCH = YES;
				CODE_SIGN_IDENTITY = "iPhone Developer";
				COPY_PHASE_STRIP = NO;
				DEBUG_INFORMATION_FORMAT = "dwarf-with-dsym";
				ENABLE_NS_ASSERTIONS = NO;
				ENABLE_STRICT_OBJC_MSGSEND = YES;
				GCC_C_LANGUAGE_STANDARD = gnu11;
				GCC_NO_COMMON_BLOCKS = YES;
				GCC_WARN_64_TO_32_BIT_CONVERSION = YES;
				GCC_WARN_ABOUT_RETURN_TYPE = YES_ERROR;
				GCC_WARN_UNDECLARED_SELECTOR = YES;
				GCC_WARN_UNINITIALIZED_AUTOS = YES_AGGRESSIVE;
				GCC_WARN_UNUSED_FUNCTION = YES;
				GCC_WARN_UNUSED_VARIABLE = YES;
				IPHONEOS_DEPLOYMENT_TARGET = 12.1;
				MTL_ENABLE_DEBUG_INFO = NO;
				MTL_FAST_MATH = YES;
				SDKROOT = iphoneos;
				SWIFT_COMPILATION_MODE = wholemodule;
				SWIFT_OPTIMIZATION_LEVEL = "-O";
				VALIDATE_PRODUCT = YES;
			};
			name = Release;
		};
		3FB110FC227359E400D7A632 /* Debug */ = {
			isa = XCBuildConfiguration;
			buildSettings = {
				ASSETCATALOG_COMPILER_APPICON_NAME = AppIcon;
				CODE_SIGN_STYLE = Automatic;
				DEVELOPMENT_TEAM = 242Z6V7KMS;
				INFOPLIST_FILE = Trashie/Info.plist;
				LD_RUNPATH_SEARCH_PATHS = (
					"$(inherited)",
					"@executable_path/Frameworks",
				);
				PRODUCT_BUNDLE_IDENTIFIER = edu.nyu.Trashie;
				PRODUCT_NAME = "$(TARGET_NAME)";
				SWIFT_VERSION = 4.2;
				TARGETED_DEVICE_FAMILY = "1,2";
			};
			name = Debug;
		};
		3FB110FD227359E400D7A632 /* Release */ = {
			isa = XCBuildConfiguration;
			buildSettings = {
				ASSETCATALOG_COMPILER_APPICON_NAME = AppIcon;
				CODE_SIGN_STYLE = Automatic;
				DEVELOPMENT_TEAM = 242Z6V7KMS;
				INFOPLIST_FILE = Trashie/Info.plist;
				LD_RUNPATH_SEARCH_PATHS = (
					"$(inherited)",
					"@executable_path/Frameworks",
				);
				PRODUCT_BUNDLE_IDENTIFIER = edu.nyu.Trashie;
				PRODUCT_NAME = "$(TARGET_NAME)";
				SWIFT_VERSION = 4.2;
				TARGETED_DEVICE_FAMILY = "1,2";
			};
			name = Release;
		};
		3FB110FF227359E400D7A632 /* Debug */ = {
			isa = XCBuildConfiguration;
			buildSettings = {
				ALWAYS_EMBED_SWIFT_STANDARD_LIBRARIES = YES;
				BUNDLE_LOADER = "$(TEST_HOST)";
				CODE_SIGN_STYLE = Automatic;
				INFOPLIST_FILE = TrashieTests/Info.plist;
				LD_RUNPATH_SEARCH_PATHS = (
					"$(inherited)",
					"@executable_path/Frameworks",
					"@loader_path/Frameworks",
				);
				PRODUCT_BUNDLE_IDENTIFIER = edu.nyu.TrashieTests;
				PRODUCT_NAME = "$(TARGET_NAME)";
				SWIFT_VERSION = 4.2;
				TARGETED_DEVICE_FAMILY = "1,2";
				TEST_HOST = "$(BUILT_PRODUCTS_DIR)/Trashie.app/Trashie";
			};
			name = Debug;
		};
		3FB11100227359E400D7A632 /* Release */ = {
			isa = XCBuildConfiguration;
			buildSettings = {
				ALWAYS_EMBED_SWIFT_STANDARD_LIBRARIES = YES;
				BUNDLE_LOADER = "$(TEST_HOST)";
				CODE_SIGN_STYLE = Automatic;
				INFOPLIST_FILE = TrashieTests/Info.plist;
				LD_RUNPATH_SEARCH_PATHS = (
					"$(inherited)",
					"@executable_path/Frameworks",
					"@loader_path/Frameworks",
				);
				PRODUCT_BUNDLE_IDENTIFIER = edu.nyu.TrashieTests;
				PRODUCT_NAME = "$(TARGET_NAME)";
				SWIFT_VERSION = 4.2;
				TARGETED_DEVICE_FAMILY = "1,2";
				TEST_HOST = "$(BUILT_PRODUCTS_DIR)/Trashie.app/Trashie";
			};
			name = Release;
		};
		3FB11102227359E400D7A632 /* Debug */ = {
			isa = XCBuildConfiguration;
			buildSettings = {
				ALWAYS_EMBED_SWIFT_STANDARD_LIBRARIES = YES;
				CODE_SIGN_STYLE = Automatic;
				INFOPLIST_FILE = TrashieUITests/Info.plist;
				LD_RUNPATH_SEARCH_PATHS = (
					"$(inherited)",
					"@executable_path/Frameworks",
					"@loader_path/Frameworks",
				);
				PRODUCT_BUNDLE_IDENTIFIER = edu.nyu.TrashieUITests;
				PRODUCT_NAME = "$(TARGET_NAME)";
				SWIFT_VERSION = 4.2;
				TARGETED_DEVICE_FAMILY = "1,2";
				TEST_TARGET_NAME = Trashie;
			};
			name = Debug;
		};
		3FB11103227359E400D7A632 /* Release */ = {
			isa = XCBuildConfiguration;
			buildSettings = {
				ALWAYS_EMBED_SWIFT_STANDARD_LIBRARIES = YES;
				CODE_SIGN_STYLE = Automatic;
				INFOPLIST_FILE = TrashieUITests/Info.plist;
				LD_RUNPATH_SEARCH_PATHS = (
					"$(inherited)",
					"@executable_path/Frameworks",
					"@loader_path/Frameworks",
				);
				PRODUCT_BUNDLE_IDENTIFIER = edu.nyu.TrashieUITests;
				PRODUCT_NAME = "$(TARGET_NAME)";
				SWIFT_VERSION = 4.2;
				TARGETED_DEVICE_FAMILY = "1,2";
				TEST_TARGET_NAME = Trashie;
			};
			name = Release;
		};
/* End XCBuildConfiguration section */

/* Begin XCConfigurationList section */
		3FB110CC227359E300D7A632 /* Build configuration list for PBXProject "Trashie" */ = {
			isa = XCConfigurationList;
			buildConfigurations = (
				3FB110F9227359E400D7A632 /* Debug */,
				3FB110FA227359E400D7A632 /* Release */,
			);
			defaultConfigurationIsVisible = 0;
			defaultConfigurationName = Release;
		};
		3FB110FB227359E400D7A632 /* Build configuration list for PBXNativeTarget "Trashie" */ = {
			isa = XCConfigurationList;
			buildConfigurations = (
				3FB110FC227359E400D7A632 /* Debug */,
				3FB110FD227359E400D7A632 /* Release */,
			);
			defaultConfigurationIsVisible = 0;
			defaultConfigurationName = Release;
		};
		3FB110FE227359E400D7A632 /* Build configuration list for PBXNativeTarget "TrashieTests" */ = {
			isa = XCConfigurationList;
			buildConfigurations = (
				3FB110FF227359E400D7A632 /* Debug */,
				3FB11100227359E400D7A632 /* Release */,
			);
			defaultConfigurationIsVisible = 0;
			defaultConfigurationName = Release;
		};
		3FB11101227359E400D7A632 /* Build configuration list for PBXNativeTarget "TrashieUITests" */ = {
			isa = XCConfigurationList;
			buildConfigurations = (
				3FB11102227359E400D7A632 /* Debug */,
				3FB11103227359E400D7A632 /* Release */,
			);
			defaultConfigurationIsVisible = 0;
			defaultConfigurationName = Release;
		};
/* End XCConfigurationList section */
	};
	rootObject = 3FB110C9227359E300D7A632 /* Project object */;
}
